
Microsoft Visual Studio Solution File, Format Version 12.00
# Visual Studio 15
Project("{FAE04EC0-301F-11D3-BF4B-00C04F79EFBC}") = "CollectionView", "CollectionView\CollectionView.csproj", "{6E8E8AAC-E482-4E9C-9759-27B03E4DC309}"
EndProject
Project("{FAE04EC0-301F-11D3-BF4B-00C04F79EFBC}") = "CollectionView.Droid", "CollectionView.Droid\CollectionView.Droid.csproj", "{32BC5FF4-81FB-46DD-98ED-3D33C5318933}"
EndProject
Project("{FAE04EC0-301F-11D3-BF4B-00C04F79EFBC}") = "CollectionView.iOS", "CollectionView.iOS\CollectionView.iOS.csproj", "{56F75955-E569-43D2-B6C7-5C2BB4E72FD3}"
EndProject
Global
	GlobalSection(SolutionConfigurationPlatforms) = preSolution
		Release|Any CPU = Release|Any CPU
		Debug|Any CPU = Debug|Any CPU
		Release|iPhoneSimulator = Release|iPhoneSimulator
	EndGlobalSection
	GlobalSection(ProjectConfigurationPlatforms) = postSolution
		{6E8E8AAC-E482-4E9C-9759-27B03E4DC309}.Release|Any CPU.ActiveCfg = Release|Any CPU
		{6E8E8AAC-E482-4E9C-9759-27B03E4DC309}.Release|Any CPU.Build.0 = Release|Any CPU
		{6E8E8AAC-E482-4E9C-9759-27B03E4DC309}.Debug|Any CPU.ActiveCfg = Debug|Any CPU
		{6E8E8AAC-E482-4E9C-9759-27B03E4DC309}.Debug|Any CPU.Build.0 = Debug|Any CPU
		{32BC5FF4-81FB-46DD-98ED-3D33C5318933}.Release|Any CPU.ActiveCfg = Release|Any CPU
		{32BC5FF4-81FB-46DD-98ED-3D33C5318933}.Release|Any CPU.Build.0 = Release|Any CPU
		{32BC5FF4-81FB-46DD-98ED-3D33C5318933}.Debug|Any CPU.ActiveCfg = Debug|Any CPU
		{32BC5FF4-81FB-46DD-98ED-3D33C5318933}.Debug|Any CPU.Build.0 = Debug|Any CPU
		{56F75955-E569-43D2-B6C7-5C2BB4E72FD3}.Release|Any CPU.ActiveCfg = Release|Any CPU
		{56F75955-E569-43D2-B6C7-5C2BB4E72FD3}.Release|Any CPU.Build.0 = Release|Any CPU
		{56F75955-E569-43D2-B6C7-5C2BB4E72FD3}.Debug|Any CPU.ActiveCfg = Debug|Any CPU
		{56F75955-E569-43D2-B6C7-5C2BB4E72FD3}.Debug|Any CPU.Build.0 = Debug|Any CPU
		{56F75955-E569-43D2-B6C7-5C2BB4E72FD3}.Release|iPhoneSimulator.ActiveCfg = Release|Any CPU
		{56F75955-E569-43D2-B6C7-5C2BB4E72FD3}.Release|iPhoneSimulator.Build.0 = Release|Any CPU
	EndGlobalSection
EndGlobal
